
Microsoft Visual Studio Solution File, Format Version 12.00
# Visual Studio 15
VisualStudioVersion = 15.0.26430.16
MinimumVisualStudioVersion = 10.0.40219.1
Project("{9A19103F-16F7-4668-BE54-9A1E7A4F7556}") = "MichaelBrandonMorris.Core.Extensions.String", "MichaelBrandonMorris.Core.Extensions.String\MichaelBrandonMorris.Core.Extensions.String.csproj", "{9DE7249E-EF00-41ED-91BB-46DD5CBE4029}"
EndProject
Project("{FAE04EC0-301F-11D3-BF4B-00C04F79EFBC}") = "MichaelBrandonMorris.Core.Extensions.List", "MichaelBrandonMorris.Core.Extensions.List\MichaelBrandonMorris.Core.Extensions.List.csproj", "{13923449-51BB-42D1-90FA-1C84C7667BE7}"
EndProject
Project("{FAE04EC0-301F-11D3-BF4B-00C04F79EFBC}") = "MichaelBrandonMorris.Core.Extensions.Collection", "MichaelBrandonMorris.Core.Extensions.Collection\MichaelBrandonMorris.Core.Extensions.Collection.csproj", "{85DCBEDC-18E3-43F4-A78E-BA8E59EA6867}"
EndProject
Global
	GlobalSection(SolutionConfigurationPlatforms) = preSolution
		Debug|Any CPU = Debug|Any CPU
		Release|Any CPU = Release|Any CPU
	EndGlobalSection
	GlobalSection(ProjectConfigurationPlatforms) = postSolution
		{9DE7249E-EF00-41ED-91BB-46DD5CBE4029}.Debug|Any CPU.ActiveCfg = Debug|Any CPU
		{9DE7249E-EF00-41ED-91BB-46DD5CBE4029}.Debug|Any CPU.Build.0 = Debug|Any CPU
		{9DE7249E-EF00-41ED-91BB-46DD5CBE4029}.Release|Any CPU.ActiveCfg = Release|Any CPU
		{9DE7249E-EF00-41ED-91BB-46DD5CBE4029}.Release|Any CPU.Build.0 = Release|Any CPU
		{13923449-51BB-42D1-90FA-1C84C7667BE7}.Debug|Any CPU.ActiveCfg = Debug|Any CPU
		{13923449-51BB-42D1-90FA-1C84C7667BE7}.Debug|Any CPU.Build.0 = Debug|Any CPU
		{13923449-51BB-42D1-90FA-1C84C7667BE7}.Release|Any CPU.ActiveCfg = Release|Any CPU
		{13923449-51BB-42D1-90FA-1C84C7667BE7}.Release|Any CPU.Build.0 = Release|Any CPU
		{85DCBEDC-18E3-43F4-A78E-BA8E59EA6867}.Debug|Any CPU.ActiveCfg = Debug|Any CPU
		{85DCBEDC-18E3-43F4-A78E-BA8E59EA6867}.Debug|Any CPU.Build.0 = Debug|Any CPU
		{85DCBEDC-18E3-43F4-A78E-BA8E59EA6867}.Release|Any CPU.ActiveCfg = Release|Any CPU
		{85DCBEDC-18E3-43F4-A78E-BA8E59EA6867}.Release|Any CPU.Build.0 = Release|Any CPU
	EndGlobalSection
	GlobalSection(SolutionProperties) = preSolution
		HideSolutionNode = FALSE
	EndGlobalSection
EndGlobal
